
Microsoft Visual Studio Solution File, Format Version 12.00
# Visual Studio 14
VisualStudioVersion = 14.0.24720.0
MinimumVisualStudioVersion = 10.0.40219.1
Project("{FAE04EC0-301F-11D3-BF4B-00C04F79EFBC}") = "XCompilR.Core", "XCompilR.Core\XCompilR.Core.csproj", "{A07DCC98-877E-476C-A682-B1BC6F1F416E}"
EndProject
Project("{FAE04EC0-301F-11D3-BF4B-00C04F79EFBC}") = "XCompilR.Tests", "XCompilR.Tests\XCompilR.Tests.csproj", "{ADCCCF1C-5F33-44D0-A21B-26E92F10A5BE}"
EndProject
Project("{FAE04EC0-301F-11D3-BF4B-00C04F79EFBC}") = "XCompilR.JavaScript", "XCompilR.JavaScript\XCompilR.JavaScript.csproj", "{D15C6AFC-A74E-4E9B-A97B-9EABE8C29050}"
EndProject
Project("{FAE04EC0-301F-11D3-BF4B-00C04F79EFBC}") = "XCompilR.IntelliSense", "XCompilR.IntelliSense\XCompilR.IntelliSense.csproj", "{A46FF492-8982-4650-83DA-FC24A9995F98}"
EndProject
Project("{FAE04EC0-301F-11D3-BF4B-00C04F79EFBC}") = "XCompile.ParserGen.CocoR", "XCompile.ParserGen.CocoR\XCompile.ParserGen.CocoR.csproj", "{C5F38993-86B7-4454-A803-B909B73128AF}"
EndProject
Project("{FAE04EC0-301F-11D3-BF4B-00C04F79EFBC}") = "XCompilR.Library", "XCompilR.Library\XCompilR.Library.csproj", "{77E77055-7AAF-4D0C-AB89-7B6C60C6D075}"
EndProject
Project("{FAE04EC0-301F-11D3-BF4B-00C04F79EFBC}") = "XCompilR.ParserGen.Library", "XCompilR.ParserGen.Library\XCompilR.ParserGen.Library.csproj", "{59C22570-A8FE-48B2-8339-A8CE77C360B4}"
EndProject
Global
	GlobalSection(SolutionConfigurationPlatforms) = preSolution
		Debug|Any CPU = Debug|Any CPU
		Release|Any CPU = Release|Any CPU
	EndGlobalSection
	GlobalSection(ProjectConfigurationPlatforms) = postSolution
		{A07DCC98-877E-476C-A682-B1BC6F1F416E}.Debug|Any CPU.ActiveCfg = Debug|Any CPU
		{A07DCC98-877E-476C-A682-B1BC6F1F416E}.Debug|Any CPU.Build.0 = Debug|Any CPU
		{A07DCC98-877E-476C-A682-B1BC6F1F416E}.Release|Any CPU.ActiveCfg = Release|Any CPU
		{A07DCC98-877E-476C-A682-B1BC6F1F416E}.Release|Any CPU.Build.0 = Release|Any CPU
		{ADCCCF1C-5F33-44D0-A21B-26E92F10A5BE}.Debug|Any CPU.ActiveCfg = Debug|Any CPU
		{ADCCCF1C-5F33-44D0-A21B-26E92F10A5BE}.Debug|Any CPU.Build.0 = Debug|Any CPU
		{ADCCCF1C-5F33-44D0-A21B-26E92F10A5BE}.Release|Any CPU.ActiveCfg = Release|Any CPU
		{ADCCCF1C-5F33-44D0-A21B-26E92F10A5BE}.Release|Any CPU.Build.0 = Release|Any CPU
		{D15C6AFC-A74E-4E9B-A97B-9EABE8C29050}.Debug|Any CPU.ActiveCfg = Debug|Any CPU
		{D15C6AFC-A74E-4E9B-A97B-9EABE8C29050}.Debug|Any CPU.Build.0 = Debug|Any CPU
		{D15C6AFC-A74E-4E9B-A97B-9EABE8C29050}.Release|Any CPU.ActiveCfg = Release|Any CPU
		{D15C6AFC-A74E-4E9B-A97B-9EABE8C29050}.Release|Any CPU.Build.0 = Release|Any CPU
		{A46FF492-8982-4650-83DA-FC24A9995F98}.Debug|Any CPU.ActiveCfg = Debug|Any CPU
		{A46FF492-8982-4650-83DA-FC24A9995F98}.Debug|Any CPU.Build.0 = Debug|Any CPU
		{A46FF492-8982-4650-83DA-FC24A9995F98}.Release|Any CPU.ActiveCfg = Release|Any CPU
		{A46FF492-8982-4650-83DA-FC24A9995F98}.Release|Any CPU.Build.0 = Release|Any CPU
		{C5F38993-86B7-4454-A803-B909B73128AF}.Debug|Any CPU.ActiveCfg = Debug|Any CPU
		{C5F38993-86B7-4454-A803-B909B73128AF}.Debug|Any CPU.Build.0 = Debug|Any CPU
		{C5F38993-86B7-4454-A803-B909B73128AF}.Release|Any CPU.ActiveCfg = Release|Any CPU
		{C5F38993-86B7-4454-A803-B909B73128AF}.Release|Any CPU.Build.0 = Release|Any CPU
		{77E77055-7AAF-4D0C-AB89-7B6C60C6D075}.Debug|Any CPU.ActiveCfg = Debug|Any CPU
		{77E77055-7AAF-4D0C-AB89-7B6C60C6D075}.Debug|Any CPU.Build.0 = Debug|Any CPU
		{77E77055-7AAF-4D0C-AB89-7B6C60C6D075}.Release|Any CPU.ActiveCfg = Release|Any CPU
		{77E77055-7AAF-4D0C-AB89-7B6C60C6D075}.Release|Any CPU.Build.0 = Release|Any CPU
		{59C22570-A8FE-48B2-8339-A8CE77C360B4}.Debug|Any CPU.ActiveCfg = Debug|Any CPU
		{59C22570-A8FE-48B2-8339-A8CE77C360B4}.Debug|Any CPU.Build.0 = Debug|Any CPU
		{59C22570-A8FE-48B2-8339-A8CE77C360B4}.Release|Any CPU.ActiveCfg = Release|Any CPU
		{59C22570-A8FE-48B2-8339-A8CE77C360B4}.Release|Any CPU.Build.0 = Release|Any CPU
	EndGlobalSection
	GlobalSection(SolutionProperties) = preSolution
		HideSolutionNode = FALSE
	EndGlobalSection
EndGlobal
