
Microsoft Visual Studio Solution File, Format Version 12.00
# Visual Studio 14
VisualStudioVersion = 14.0.23107.0
MinimumVisualStudioVersion = 10.0.40219.1
Project("{FAE04EC0-301F-11D3-BF4B-00C04F79EFBC}") = "XCompilR.Core", "XCompilR.Core\XCompilR.Core.csproj", "{A07DCC98-877E-476C-A682-B1BC6F1F416E}"
EndProject
Project("{FAE04EC0-301F-11D3-BF4B-00C04F79EFBC}") = "XCompilR.Tests", "XCompilR.Tests\XCompilR.Tests.csproj", "{ADCCCF1C-5F33-44D0-A21B-26E92F10A5BE}"
EndProject
Project("{FAE04EC0-301F-11D3-BF4B-00C04F79EFBC}") = "XCompilR.JavaScript", "XCompilR.JavaScript\XCompilR.JavaScript.csproj", "{D15C6AFC-A74E-4E9B-A97B-9EABE8C29050}"
EndProject
Project("{FAE04EC0-301F-11D3-BF4B-00C04F79EFBC}") = "XCompilR.IntelliSense", "XCompilR.IntelliSense\XCompilR.IntelliSense.csproj", "{A46FF492-8982-4650-83DA-FC24A9995F98}"
EndProject
Project("{FAE04EC0-301F-11D3-BF4B-00C04F79EFBC}") = "XCompile.ParserGen.CocoR", "XCompile.ParserGen.CocoR\XCompile.ParserGen.CocoR.csproj", "{C5F38993-86B7-4454-A803-B909B73128AF}"
EndProject
Project("{FAE04EC0-301F-11D3-BF4B-00C04F79EFBC}") = "Pseudo.Net.AbstractSyntaxTree", "Pseudo.Net.AbstractSyntaxTree\Pseudo.Net.AbstractSyntaxTree.csproj", "{A2331453-0898-4750-85EA-77C0A2C22B24}"
EndProject
Project("{FAE04EC0-301F-11D3-BF4B-00C04F79EFBC}") = "Pseudo.Net.Roslyn.Wrapper", "Pseudo.Net.Roslyn.Wrapper\Pseudo.Net.Roslyn.Wrapper.csproj", "{D8DFF419-2483-4B87-B951-F6F0C71DAF1B}"
EndProject
Project("{FAE04EC0-301F-11D3-BF4B-00C04F79EFBC}") = "Pseudo.Net.Backend", "Pseudo.Net.Backend\Pseudo.Net.Backend.csproj", "{85907329-9128-49EF-A660-B1DF13D9A10F}"
EndProject
Project("{FAE04EC0-301F-11D3-BF4B-00C04F79EFBC}") = "XCompilR.PseudoNet", "XCompilR.PseudoNet\XCompilR.PseudoNet.csproj", "{96DC533E-588C-4B73-8EE5-9DDBBF75C9AA}"
EndProject
Global
	GlobalSection(SolutionConfigurationPlatforms) = preSolution
		Debug|Any CPU = Debug|Any CPU
		Release|Any CPU = Release|Any CPU
	EndGlobalSection
	GlobalSection(ProjectConfigurationPlatforms) = postSolution
		{A07DCC98-877E-476C-A682-B1BC6F1F416E}.Debug|Any CPU.ActiveCfg = Debug|Any CPU
		{A07DCC98-877E-476C-A682-B1BC6F1F416E}.Debug|Any CPU.Build.0 = Debug|Any CPU
		{A07DCC98-877E-476C-A682-B1BC6F1F416E}.Release|Any CPU.ActiveCfg = Release|Any CPU
		{A07DCC98-877E-476C-A682-B1BC6F1F416E}.Release|Any CPU.Build.0 = Release|Any CPU
		{ADCCCF1C-5F33-44D0-A21B-26E92F10A5BE}.Debug|Any CPU.ActiveCfg = Debug|Any CPU
		{ADCCCF1C-5F33-44D0-A21B-26E92F10A5BE}.Debug|Any CPU.Build.0 = Debug|Any CPU
		{ADCCCF1C-5F33-44D0-A21B-26E92F10A5BE}.Release|Any CPU.ActiveCfg = Release|Any CPU
		{ADCCCF1C-5F33-44D0-A21B-26E92F10A5BE}.Release|Any CPU.Build.0 = Release|Any CPU
		{D15C6AFC-A74E-4E9B-A97B-9EABE8C29050}.Debug|Any CPU.ActiveCfg = Debug|Any CPU
		{D15C6AFC-A74E-4E9B-A97B-9EABE8C29050}.Debug|Any CPU.Build.0 = Debug|Any CPU
		{D15C6AFC-A74E-4E9B-A97B-9EABE8C29050}.Release|Any CPU.ActiveCfg = Release|Any CPU
		{D15C6AFC-A74E-4E9B-A97B-9EABE8C29050}.Release|Any CPU.Build.0 = Release|Any CPU
		{A46FF492-8982-4650-83DA-FC24A9995F98}.Debug|Any CPU.ActiveCfg = Debug|Any CPU
		{A46FF492-8982-4650-83DA-FC24A9995F98}.Debug|Any CPU.Build.0 = Debug|Any CPU
		{A46FF492-8982-4650-83DA-FC24A9995F98}.Release|Any CPU.ActiveCfg = Release|Any CPU
		{A46FF492-8982-4650-83DA-FC24A9995F98}.Release|Any CPU.Build.0 = Release|Any CPU
		{C5F38993-86B7-4454-A803-B909B73128AF}.Debug|Any CPU.ActiveCfg = Debug|Any CPU
		{C5F38993-86B7-4454-A803-B909B73128AF}.Debug|Any CPU.Build.0 = Debug|Any CPU
		{C5F38993-86B7-4454-A803-B909B73128AF}.Release|Any CPU.ActiveCfg = Release|Any CPU
		{C5F38993-86B7-4454-A803-B909B73128AF}.Release|Any CPU.Build.0 = Release|Any CPU
		{A2331453-0898-4750-85EA-77C0A2C22B24}.Debug|Any CPU.ActiveCfg = Debug|Any CPU
		{A2331453-0898-4750-85EA-77C0A2C22B24}.Debug|Any CPU.Build.0 = Debug|Any CPU
		{A2331453-0898-4750-85EA-77C0A2C22B24}.Release|Any CPU.ActiveCfg = Release|Any CPU
		{A2331453-0898-4750-85EA-77C0A2C22B24}.Release|Any CPU.Build.0 = Release|Any CPU
		{D8DFF419-2483-4B87-B951-F6F0C71DAF1B}.Debug|Any CPU.ActiveCfg = Debug|Any CPU
		{D8DFF419-2483-4B87-B951-F6F0C71DAF1B}.Debug|Any CPU.Build.0 = Debug|Any CPU
		{D8DFF419-2483-4B87-B951-F6F0C71DAF1B}.Release|Any CPU.ActiveCfg = Release|Any CPU
		{D8DFF419-2483-4B87-B951-F6F0C71DAF1B}.Release|Any CPU.Build.0 = Release|Any CPU
		{85907329-9128-49EF-A660-B1DF13D9A10F}.Debug|Any CPU.ActiveCfg = Debug|Any CPU
		{85907329-9128-49EF-A660-B1DF13D9A10F}.Debug|Any CPU.Build.0 = Debug|Any CPU
		{85907329-9128-49EF-A660-B1DF13D9A10F}.Release|Any CPU.ActiveCfg = Release|Any CPU
		{85907329-9128-49EF-A660-B1DF13D9A10F}.Release|Any CPU.Build.0 = Release|Any CPU
		{96DC533E-588C-4B73-8EE5-9DDBBF75C9AA}.Debug|Any CPU.ActiveCfg = Debug|Any CPU
		{96DC533E-588C-4B73-8EE5-9DDBBF75C9AA}.Debug|Any CPU.Build.0 = Debug|Any CPU
		{96DC533E-588C-4B73-8EE5-9DDBBF75C9AA}.Release|Any CPU.ActiveCfg = Release|Any CPU
		{96DC533E-588C-4B73-8EE5-9DDBBF75C9AA}.Release|Any CPU.Build.0 = Release|Any CPU
	EndGlobalSection
	GlobalSection(SolutionProperties) = preSolution
		HideSolutionNode = FALSE
	EndGlobalSection
EndGlobal
